<Solution>
  <Folder Name="/src/">
    <Project Path="src/EcoDataPR.AquaTrack.WebApp.Client/EcoDataPR.AquaTrack.WebApp.Client.csproj" />
    <Project Path="src/EcoDataPR.AquaTrack.WebApp/EcoDataPR.AquaTrack.WebApp.csproj" />
    <Project Path="src/EcoDataPR.Gateway/EcoDataPR.Gateway.csproj" />
  </Folder>
  <Project Path="src/EcoDataPR.AppHost/EcoDataPR.AppHost.csproj" />
  <Project Path="src/EcoDataPR.ServiceDefaults/EcoDataPR.ServiceDefaults.csproj" />
</Solution>
